
Microsoft Visual Studio Solution File, Format Version 12.00
# Visual Studio Version 16
VisualStudioVersion = 16.0.30804.86
MinimumVisualStudioVersion = 10.0.40219.1
Project("{FAE04EC0-301F-11D3-BF4B-00C04F79EFBC}") = "OOPGeometry", "OOPGeometry.csproj", "{7748F8D9-0AED-4D74-B1AD-B6C62E20C39A}"
EndProject
Global
	GlobalSection(SolutionConfigurationPlatforms) = preSolution
		Debug|Any CPU = Debug|Any CPU
		Release|Any CPU = Release|Any CPU
	EndGlobalSection
	GlobalSection(ProjectConfigurationPlatforms) = postSolution
		{7748F8D9-0AED-4D74-B1AD-B6C62E20C39A}.Debug|Any CPU.ActiveCfg = Debug|Any CPU
		{7748F8D9-0AED-4D74-B1AD-B6C62E20C39A}.Debug|Any CPU.Build.0 = Debug|Any CPU
		{7748F8D9-0AED-4D74-B1AD-B6C62E20C39A}.Release|Any CPU.ActiveCfg = Release|Any CPU
		{7748F8D9-0AED-4D74-B1AD-B6C62E20C39A}.Release|Any CPU.Build.0 = Release|Any CPU
	EndGlobalSection
	GlobalSection(SolutionProperties) = preSolution
		HideSolutionNode = FALSE
	EndGlobalSection
	GlobalSection(ExtensibilityGlobals) = postSolution
		SolutionGuid = {1AECEB05-9F4E-4D77-B9C2-72F86CED2489}
	EndGlobalSection
EndGlobal
